// !$*UTF8*$!
{
	archiveVersion = 1;
	classes = {
	};
	objectVersion = 46;
	objects = {

/* Begin PBXBuildFile section */
		5F96CF541D920435005C6B0C /* AppDelegate.swift in Sources */ = {isa = PBXBuildFile; fileRef = 5F96CF531D920435005C6B0C /* AppDelegate.swift */; };
		5F96CF561D920435005C6B0C /* ViewController.swift in Sources */ = {isa = PBXBuildFile; fileRef = 5F96CF551D920435005C6B0C /* ViewController.swift */; };
		5F96CF591D920435005C6B0C /* Main.storyboard in Resources */ = {isa = PBXBuildFile; fileRef = 5F96CF571D920435005C6B0C /* Main.storyboard */; };
		5F96CF5B1D920435005C6B0C /* Assets.xcassets in Resources */ = {isa = PBXBuildFile; fileRef = 5F96CF5A1D920435005C6B0C /* Assets.xcassets */; };
		5F96CF5E1D920435005C6B0C /* LaunchScreen.storyboard in Resources */ = {isa = PBXBuildFile; fileRef = 5F96CF5C1D920435005C6B0C /* LaunchScreen.storyboard */; };
/* End PBXBuildFile section */

/* Begin PBXFileReference section */
		5F96CF501D920435005C6B0C /* Emojionary.app */ = {isa = PBXFileReference; explicitFileType = wrapper.application; includeInIndex = 0; path = Emojionary.app; sourceTree = BUILT_PRODUCTS_DIR; };
		5F96CF531D920435005C6B0C /* AppDelegate.swift */ = {isa = PBXFileReference; lastKnownFileType = sourcecode.swift; path = AppDelegate.swift; sourceTree = "<group>"; };
		5F96CF551D920435005C6B0C /* ViewController.swift */ = {isa = PBXFileReference; lastKnownFileType = sourcecode.swift; path = ViewController.swift; sourceTree = "<group>"; };
		5F96CF581D920435005C6B0C /* Base */ = {isa = PBXFileReference; lastKnownFileType = file.storyboard; name = Base; path = Base.lproj/Main.storyboard; sourceTree = "<group>"; };
		5F96CF5A1D920435005C6B0C /* Assets.xcassets */ = {isa = PBXFileReference; lastKnownFileType = folder.assetcatalog; path = Assets.xcassets; sourceTree = "<group>"; };
		5F96CF5D1D920435005C6B0C /* Base */ = {isa = PBXFileReference; lastKnownFileType = file.storyboard; name = Base; path = Base.lproj/LaunchScreen.storyboard; sourceTree = "<group>"; };
		5F96CF5F1D920435005C6B0C /* Info.plist */ = {isa = PBXFileReference; lastKnownFileType = text.plist.xml; path = Info.plist; sourceTree = "<group>"; };
/* End PBXFileReference section */

/* Begin PBXFrameworksBuildPhase section */
		5F96CF4D1D920435005C6B0C /* Frameworks */ = {
			isa = PBXFrameworksBuildPhase;
			buildActionMask = 2147483647;
			files = (
			);
			runOnlyForDeploymentPostprocessing = 0;
		};
/* End PBXFrameworksBuildPhase section */

/* Begin PBXGroup section */
		5F96CF471D920435005C6B0C = {
			isa = PBXGroup;
			children = (
				5F96CF521D920435005C6B0C /* Emojionary */,
				5F96CF511D920435005C6B0C /* Products */,
			);
			sourceTree = "<group>";
		};
		5F96CF511D920435005C6B0C /* Products */ = {
			isa = PBXGroup;
			children = (
				5F96CF501D920435005C6B0C /* Emojionary.app */,
			);
			name = Products;
			sourceTree = "<group>";
		};
		5F96CF521D920435005C6B0C /* Emojionary */ = {
			isa = PBXGroup;
			children = (
				5F96CF531D920435005C6B0C /* AppDelegate.swift */,
				5F96CF551D920435005C6B0C /* ViewController.swift */,
				5F96CF571D920435005C6B0C /* Main.storyboard */,
				5F96CF5A1D920435005C6B0C /* Assets.xcassets */,
				5F96CF5C1D920435005C6B0C /* LaunchScreen.storyboard */,
				5F96CF5F1D920435005C6B0C /* Info.plist */,
			);
			path = Emojionary;
			sourceTree = "<group>";
		};
/* End PBXGroup section */

/* Begin PBXNativeTarget section */
		5F96CF4F1D920435005C6B0C /* Emojionary */ = {
			isa = PBXNativeTarget;
			buildConfigurationList = 5F96CF621D920435005C6B0C /* Build configuration list for PBXNativeTarget "Emojionary" */;
			buildPhases = (
				5F96CF4C1D920435005C6B0C /* Sources */,
				5F96CF4D1D920435005C6B0C /* Frameworks */,
				5F96CF4E1D920435005C6B0C /* Resources */,
			);
			buildRules = (
			);
			dependencies = (
			);
			name = Emojionary;
			productName = Emojionary;
			productReference = 5F96CF501D920435005C6B0C /* Emojionary.app */;
			productType = "com.apple.product-type.application";
		};
/* End PBXNativeTarget section */

/* Begin PBXProject section */
		5F96CF481D920435005C6B0C /* Project object */ = {
			isa = PBXProject;
			attributes = {
				LastSwiftUpdateCheck = 0800;
				LastUpgradeCheck = 0800;
				ORGANIZATIONNAME = "Edgar Chacon";
				TargetAttributes = {
					5F96CF4F1D920435005C6B0C = {
						CreatedOnToolsVersion = 8.0;
						DevelopmentTeam = E28W3DH79D;
						ProvisioningStyle = Automatic;
					};
				};
			};
			buildConfigurationList = 5F96CF4B1D920435005C6B0C /* Build configuration list for PBXProject "Emojionary" */;
			compatibilityVersion = "Xcode 3.2";
			developmentRegion = English;
			hasScannedForEncodings = 0;
			knownRegions = (
				en,
				Base,
			);
			mainGroup = 5F96CF471D920435005C6B0C;
			productRefGroup = 5F96CF511D920435005C6B0C /* Products */;
			projectDirPath = "";
			projectRoot = "";
			targets = (
				5F96CF4F1D920435005C6B0C /* Emojionary */,
			);
		};
/* End PBXProject section */

/* Begin PBXResourcesBuildPhase section */
		5F96CF4E1D920435005C6B0C /* Resources */ = {
			isa = PBXResourcesBuildPhase;
			buildActionMask = 2147483647;
			files = (
				5F96CF5E1D920435005C6B0C /* LaunchScreen.storyboard in Resources */,
				5F96CF5B1D920435005C6B0C /* Assets.xcassets in Resources */,
				5F96CF591D920435005C6B0C /* Main.storyboard in Resources */,
			);
			runOnlyForDeploymentPostprocessing = 0;
		};
/* End PBXResourcesBuildPhase section */

/* Begin PBXSourcesBuildPhase section */
		5F96CF4C1D920435005C6B0C /* Sources */ = {
			isa = PBXSourcesBuildPhase;
			buildActionMask = 2147483647;
			files = (
				5F96CF561D920435005C6B0C /* ViewController.swift in Sources */,
				5F96CF541D920435005C6B0C /* AppDelegate.swift in Sources */,
			);
			runOnlyForDeploymentPostprocessing = 0;
		};
/* End PBXSourcesBuildPhase section */

/* Begin PBXVariantGroup section */
		5F96CF571D920435005C6B0C /* Main.storyboard */ = {
			isa = PBXVariantGroup;
			children = (
				5F96CF581D920435005C6B0C /* Base */,
			);
			name = Main.storyboard;
			sourceTree = "<group>";
		};
		5F96CF5C1D920435005C6B0C /* LaunchScreen.storyboard */ = {
			isa = PBXVariantGroup;
			children = (
				5F96CF5D1D920435005C6B0C /* Base */,
			);
			name = LaunchScreen.storyboard;
			sourceTree = "<group>";
		};
/* End PBXVariantGroup section */

/* Begin XCBuildConfiguration section */
		5F96CF601D920435005C6B0C /* Debug */ = {
			isa = XCBuildConfiguration;
			buildSettings = {
				ALWAYS_SEARCH_USER_PATHS = NO;
				CLANG_ANALYZER_NONNULL = YES;
				CLANG_CXX_LANGUAGE_STANDARD = "gnu++0x";
				CLANG_CXX_LIBRARY = "libc++";
				CLANG_ENABLE_MODULES = YES;
				CLANG_ENABLE_OBJC_ARC = YES;
				CLANG_WARN_BOOL_CONVERSION = YES;
				CLANG_WARN_CONSTANT_CONVERSION = YES;
				CLANG_WARN_DIRECT_OBJC_ISA_USAGE = YES_ERROR;
				CLANG_WARN_DOCUMENTATION_COMMENTS = YES;
				CLANG_WARN_EMPTY_BODY = YES;
				CLANG_WARN_ENUM_CONVERSION = YES;
				CLANG_WARN_INFINITE_RECURSION = YES;
				CLANG_WARN_INT_CONVERSION = YES;
				CLANG_WARN_OBJC_ROOT_CLASS = YES_ERROR;
				CLANG_WARN_SUSPICIOUS_MOVES = YES;
				CLANG_WARN_UNREACHABLE_CODE = YES;
				CLANG_WARN__DUPLICATE_METHOD_MATCH = YES;
				"CODE_SIGN_IDENTITY[sdk=iphoneos*]" = "iPhone Developer";
				COPY_PHASE_STRIP = NO;
				DEBUG_INFORMATION_FORMAT = dwarf;
				ENABLE_STRICT_OBJC_MSGSEND = YES;
				ENABLE_TESTABILITY = YES;
				GCC_C_LANGUAGE_STANDARD = gnu99;
				GCC_DYNAMIC_NO_PIC = NO;
				GCC_NO_COMMON_BLOCKS = YES;
				GCC_OPTIMIZATION_LEVEL = 0;
				GCC_PREPROCESSOR_DEFINITIONS = (
					"DEBUG=1",
					"$(inherited)",
				);
				GCC_WARN_64_TO_32_BIT_CONVERSION = YES;
				GCC_WARN_ABOUT_RETURN_TYPE = YES_ERROR;
				GCC_WARN_UNDECLARED_SELECTOR = YES;
				GCC_WARN_UNINITIALIZED_AUTOS = YES_AGGRESSIVE;
				GCC_WARN_UNUSED_FUNCTION = YES;
				GCC_WARN_UNUSED_VARIABLE = YES;
				IPHONEOS_DEPLOYMENT_TARGET = 10.0;
				MTL_ENABLE_DEBUG_INFO = YES;
				ONLY_ACTIVE_ARCH = YES;
				SDKROOT = iphoneos;
				SWIFT_ACTIVE_COMPILATION_CONDITIONS = DEBUG;
				SWIFT_OPTIMIZATION_LEVEL = "-Onone";
				TARGETED_DEVICE_FAMILY = "1,2";
			};
			name = Debug;
		};
		5F96CF611D920435005C6B0C /* Release */ = {
			isa = XCBuildConfiguration;
			buildSettings = {
				ALWAYS_SEARCH_USER_PATHS = NO;
				CLANG_ANALYZER_NONNULL = YES;
				CLANG_CXX_LANGUAGE_STANDARD = "gnu++0x";
				CLANG_CXX_LIBRARY = "libc++";
				CLANG_ENABLE_MODULES = YES;
				CLANG_ENABLE_OBJC_ARC = YES;
				CLANG_WARN_BOOL_CONVERSION = YES;
				CLANG_WARN_CONSTANT_CONVERSION = YES;
				CLANG_WARN_DIRECT_OBJC_ISA_USAGE = YES_ERROR;
				CLANG_WARN_DOCUMENTATION_COMMENTS = YES;
				CLANG_WARN_EMPTY_BODY = YES;
				CLANG_WARN_ENUM_CONVERSION = YES;
				CLANG_WARN_INFINITE_RECURSION = YES;
				CLANG_WARN_INT_CONVERSION = YES;
				CLANG_WARN_OBJC_ROOT_CLASS = YES_ERROR;
				CLANG_WARN_SUSPICIOUS_MOVES = YES;
				CLANG_WARN_UNREACHABLE_CODE = YES;
				CLANG_WARN__DUPLICATE_METHOD_MATCH = YES;
				"CODE_SIGN_IDENTITY[sdk=iphoneos*]" = "iPhone Developer";
				COPY_PHASE_STRIP = NO;
				DEBUG_INFORMATION_FORMAT = "dwarf-with-dsym";
				ENABLE_NS_ASSERTIONS = NO;
				ENABLE_STRICT_OBJC_MSGSEND = YES;
				GCC_C_LANGUAGE_STANDARD = gnu99;
				GCC_NO_COMMON_BLOCKS = YES;
				GCC_WARN_64_TO_32_BIT_CONVERSION = YES;
				GCC_WARN_ABOUT_RETURN_TYPE = YES_ERROR;
				GCC_WARN_UNDECLARED_SELECTOR = YES;
				GCC_WARN_UNINITIALIZED_AUTOS = YES_AGGRESSIVE;
				GCC_WARN_UNUSED_FUNCTION = YES;
				GCC_WARN_UNUSED_VARIABLE = YES;
				IPHONEOS_DEPLOYMENT_TARGET = 10.0;
				MTL_ENABLE_DEBUG_INFO = NO;
				SDKROOT = iphoneos;
				SWIFT_OPTIMIZATION_LEVEL = "-Owholemodule";
				TARGETED_DEVICE_FAMILY = "1,2";
				VALIDATE_PRODUCT = YES;
			};
			name = Release;
		};
		5F96CF631D920435005C6B0C /* Debug */ = {
			isa = XCBuildConfiguration;
			buildSettings = {
				ASSETCATALOG_COMPILER_APPICON_NAME = AppIcon;
				DEVELOPMENT_TEAM = E28W3DH79D;
				INFOPLIST_FILE = Emojionary/Info.plist;
				LD_RUNPATH_SEARCH_PATHS = "$(inherited) @executable_path/Frameworks";
				PRODUCT_BUNDLE_IDENTIFIER = com.edgarchacon.Emojionary;
				PRODUCT_NAME = "$(TARGET_NAME)";
				SWIFT_VERSION = 3.0;
			};
			name = Debug;
		};
		5F96CF641D920435005C6B0C /* Release */ = {
			isa = XCBuildConfiguration;
			buildSettings = {
				ASSETCATALOG_COMPILER_APPICON_NAME = AppIcon;
				DEVELOPMENT_TEAM = E28W3DH79D;
				INFOPLIST_FILE = Emojionary/Info.plist;
				LD_RUNPATH_SEARCH_PATHS = "$(inherited) @executable_path/Frameworks";
				PRODUCT_BUNDLE_IDENTIFIER = com.edgarchacon.Emojionary;
				PRODUCT_NAME = "$(TARGET_NAME)";
				SWIFT_VERSION = 3.0;
			};
			name = Release;
		};
/* End XCBuildConfiguration section */

/* Begin XCConfigurationList section */
		5F96CF4B1D920435005C6B0C /* Build configuration list for PBXProject "Emojionary" */ = {
			isa = XCConfigurationList;
			buildConfigurations = (
				5F96CF601D920435005C6B0C /* Debug */,
				5F96CF611D920435005C6B0C /* Release */,
			);
			defaultConfigurationIsVisible = 0;
			defaultConfigurationName = Release;
		};
		5F96CF621D920435005C6B0C /* Build configuration list for PBXNativeTarget "Emojionary" */ = {
			isa = XCConfigurationList;
			buildConfigurations = (
				5F96CF631D920435005C6B0C /* Debug */,
				5F96CF641D920435005C6B0C /* Release */,
			);
			defaultConfigurationIsVisible = 0;
		};
/* End XCConfigurationList section */
	};
	rootObject = 5F96CF481D920435005C6B0C /* Project object */;
}
